
Microsoft Visual Studio Solution File, Format Version 12.00
# Visual Studio 15
VisualStudioVersion = 15.0.27004.2009
MinimumVisualStudioVersion = 10.0.40219.1
Project("{FAE04EC0-301F-11D3-BF4B-00C04F79EFBC}") = "Lesson_8", "Lesson_8\Lesson_8.csproj", "{36E38FA7-1CD2-4E52-92CC-C366FB641FE0}"
EndProject
Global
	GlobalSection(SolutionConfigurationPlatforms) = preSolution
		Debug|Any CPU = Debug|Any CPU
		Release|Any CPU = Release|Any CPU
	EndGlobalSection
	GlobalSection(ProjectConfigurationPlatforms) = postSolution
		{36E38FA7-1CD2-4E52-92CC-C366FB641FE0}.Debug|Any CPU.ActiveCfg = Debug|Any CPU
		{36E38FA7-1CD2-4E52-92CC-C366FB641FE0}.Debug|Any CPU.Build.0 = Debug|Any CPU
		{36E38FA7-1CD2-4E52-92CC-C366FB641FE0}.Release|Any CPU.ActiveCfg = Release|Any CPU
		{36E38FA7-1CD2-4E52-92CC-C366FB641FE0}.Release|Any CPU.Build.0 = Release|Any CPU
	EndGlobalSection
	GlobalSection(SolutionProperties) = preSolution
		HideSolutionNode = FALSE
	EndGlobalSection
	GlobalSection(ExtensibilityGlobals) = postSolution
		SolutionGuid = {2253B6E3-0CCA-4CE4-89B7-E13F9E518F75}
	EndGlobalSection
EndGlobal
